
Microsoft Visual Studio Solution File, Format Version 12.00
# Visual Studio Version 16
VisualStudioVersion = 16.0.31624.102
MinimumVisualStudioVersion = 10.0.40219.1
Project("{FAE04EC0-301F-11D3-BF4B-00C04F79EFBC}") = "LOGIN", "LOGIN\LOGIN.csproj", "{93639776-4F99-419B-A564-46A0CB9B08BA}"
EndProject
Global
	GlobalSection(SolutionConfigurationPlatforms) = preSolution
		Debug|Any CPU = Debug|Any CPU
		Release|Any CPU = Release|Any CPU
	EndGlobalSection
	GlobalSection(ProjectConfigurationPlatforms) = postSolution
		{93639776-4F99-419B-A564-46A0CB9B08BA}.Debug|Any CPU.ActiveCfg = Debug|Any CPU
		{93639776-4F99-419B-A564-46A0CB9B08BA}.Debug|Any CPU.Build.0 = Debug|Any CPU
		{93639776-4F99-419B-A564-46A0CB9B08BA}.Release|Any CPU.ActiveCfg = Release|Any CPU
		{93639776-4F99-419B-A564-46A0CB9B08BA}.Release|Any CPU.Build.0 = Release|Any CPU
	EndGlobalSection
	GlobalSection(SolutionProperties) = preSolution
		HideSolutionNode = FALSE
	EndGlobalSection
	GlobalSection(ExtensibilityGlobals) = postSolution
		SolutionGuid = {D750B240-E585-4532-9C20-12633133AECA}
	EndGlobalSection
EndGlobal
